// !$*UTF8*$!
{
	archiveVersion = 1;
	classes = {
	};
	objectVersion = 48;
	objects = {

/* Begin PBXBuildFile section */
		2D517FBBAAA40F43C216ECA3 /* Pods_emo.framework in Frameworks */ = {isa = PBXBuildFile; fileRef = EEB3766DE4C4E31AB446C515 /* Pods_emo.framework */; };
		962C61032014F3C90028B931 /* AppDelegate.swift in Sources */ = {isa = PBXBuildFile; fileRef = 962C61022014F3C90028B931 /* AppDelegate.swift */; };
		962C61052014F3C90028B931 /* FirstViewController.swift in Sources */ = {isa = PBXBuildFile; fileRef = 962C61042014F3C90028B931 /* FirstViewController.swift */; };
		962C61072014F3C90028B931 /* SecondViewController.swift in Sources */ = {isa = PBXBuildFile; fileRef = 962C61062014F3C90028B931 /* SecondViewController.swift */; };
		962C610A2014F3C90028B931 /* Main.storyboard in Resources */ = {isa = PBXBuildFile; fileRef = 962C61082014F3C90028B931 /* Main.storyboard */; };
		962C610C2014F3C90028B931 /* Assets.xcassets in Resources */ = {isa = PBXBuildFile; fileRef = 962C610B2014F3C90028B931 /* Assets.xcassets */; };
		962C610F2014F3C90028B931 /* LaunchScreen.storyboard in Resources */ = {isa = PBXBuildFile; fileRef = 962C610D2014F3C90028B931 /* LaunchScreen.storyboard */; };
		962C611A2014F3CA0028B931 /* EmoTests.swift in Sources */ = {isa = PBXBuildFile; fileRef = 962C61192014F3CA0028B931 /* EmoTests.swift */; };
		962C61252014F3CA0028B931 /* EmoUITests.swift in Sources */ = {isa = PBXBuildFile; fileRef = 962C61242014F3CA0028B931 /* EmoUITests.swift */; };
/* End PBXBuildFile section */

/* Begin PBXContainerItemProxy section */
		962C61162014F3CA0028B931 /* PBXContainerItemProxy */ = {
			isa = PBXContainerItemProxy;
			containerPortal = 962C60F72014F3C90028B931 /* Project object */;
			proxyType = 1;
			remoteGlobalIDString = 962C60FE2014F3C90028B931;
			remoteInfo = emo;
		};
		962C61212014F3CA0028B931 /* PBXContainerItemProxy */ = {
			isa = PBXContainerItemProxy;
			containerPortal = 962C60F72014F3C90028B931 /* Project object */;
			proxyType = 1;
			remoteGlobalIDString = 962C60FE2014F3C90028B931;
			remoteInfo = emo;
		};
/* End PBXContainerItemProxy section */

/* Begin PBXFileReference section */
		80827B748A6653FABD895F2A /* Pods-emo.release.xcconfig */ = {isa = PBXFileReference; includeInIndex = 1; lastKnownFileType = text.xcconfig; name = "Pods-emo.release.xcconfig"; path = "Pods/Target Support Files/Pods-emo/Pods-emo.release.xcconfig"; sourceTree = "<group>"; };
		962C60FF2014F3C90028B931 /* emo.app */ = {isa = PBXFileReference; explicitFileType = wrapper.application; includeInIndex = 0; path = emo.app; sourceTree = BUILT_PRODUCTS_DIR; };
		962C61022014F3C90028B931 /* AppDelegate.swift */ = {isa = PBXFileReference; lastKnownFileType = sourcecode.swift; path = AppDelegate.swift; sourceTree = "<group>"; };
		962C61042014F3C90028B931 /* FirstViewController.swift */ = {isa = PBXFileReference; lastKnownFileType = sourcecode.swift; path = FirstViewController.swift; sourceTree = "<group>"; };
		962C61062014F3C90028B931 /* SecondViewController.swift */ = {isa = PBXFileReference; lastKnownFileType = sourcecode.swift; path = SecondViewController.swift; sourceTree = "<group>"; };
		962C61092014F3C90028B931 /* Base */ = {isa = PBXFileReference; lastKnownFileType = file.storyboard; name = Base; path = Base.lproj/Main.storyboard; sourceTree = "<group>"; };
		962C610B2014F3C90028B931 /* Assets.xcassets */ = {isa = PBXFileReference; lastKnownFileType = folder.assetcatalog; path = Assets.xcassets; sourceTree = "<group>"; };
		962C610E2014F3C90028B931 /* Base */ = {isa = PBXFileReference; lastKnownFileType = file.storyboard; name = Base; path = Base.lproj/LaunchScreen.storyboard; sourceTree = "<group>"; };
		962C61102014F3C90028B931 /* Info.plist */ = {isa = PBXFileReference; lastKnownFileType = text.plist.xml; path = Info.plist; sourceTree = "<group>"; };
		962C61152014F3CA0028B931 /* emoTests.xctest */ = {isa = PBXFileReference; explicitFileType = wrapper.cfbundle; includeInIndex = 0; path = emoTests.xctest; sourceTree = BUILT_PRODUCTS_DIR; };
		962C61192014F3CA0028B931 /* EmoTests.swift */ = {isa = PBXFileReference; lastKnownFileType = sourcecode.swift; path = EmoTests.swift; sourceTree = "<group>"; };
		962C611B2014F3CA0028B931 /* Info.plist */ = {isa = PBXFileReference; lastKnownFileType = text.plist.xml; path = Info.plist; sourceTree = "<group>"; };
		962C61202014F3CA0028B931 /* emoUITests.xctest */ = {isa = PBXFileReference; explicitFileType = wrapper.cfbundle; includeInIndex = 0; path = emoUITests.xctest; sourceTree = BUILT_PRODUCTS_DIR; };
		962C61242014F3CA0028B931 /* EmoUITests.swift */ = {isa = PBXFileReference; lastKnownFileType = sourcecode.swift; path = EmoUITests.swift; sourceTree = "<group>"; };
		962C61262014F3CA0028B931 /* Info.plist */ = {isa = PBXFileReference; lastKnownFileType = text.plist.xml; path = Info.plist; sourceTree = "<group>"; };
		EEB3766DE4C4E31AB446C515 /* Pods_emo.framework */ = {isa = PBXFileReference; explicitFileType = wrapper.framework; includeInIndex = 0; path = Pods_emo.framework; sourceTree = BUILT_PRODUCTS_DIR; };
		F8F9C1BA6EB092847993CB8A /* Pods-emo.debug.xcconfig */ = {isa = PBXFileReference; includeInIndex = 1; lastKnownFileType = text.xcconfig; name = "Pods-emo.debug.xcconfig"; path = "Pods/Target Support Files/Pods-emo/Pods-emo.debug.xcconfig"; sourceTree = "<group>"; };
/* End PBXFileReference section */

/* Begin PBXFrameworksBuildPhase section */
		962C60FC2014F3C90028B931 /* Frameworks */ = {
			isa = PBXFrameworksBuildPhase;
			buildActionMask = 2147483647;
			files = (
				2D517FBBAAA40F43C216ECA3 /* Pods_emo.framework in Frameworks */,
			);
			runOnlyForDeploymentPostprocessing = 0;
		};
		962C61122014F3CA0028B931 /* Frameworks */ = {
			isa = PBXFrameworksBuildPhase;
			buildActionMask = 2147483647;
			files = (
			);
			runOnlyForDeploymentPostprocessing = 0;
		};
		962C611D2014F3CA0028B931 /* Frameworks */ = {
			isa = PBXFrameworksBuildPhase;
			buildActionMask = 2147483647;
			files = (
			);
			runOnlyForDeploymentPostprocessing = 0;
		};
/* End PBXFrameworksBuildPhase section */

/* Begin PBXGroup section */
		513E18EC8BF22EB0D23AE4B1 /* Pods */ = {
			isa = PBXGroup;
			children = (
				F8F9C1BA6EB092847993CB8A /* Pods-emo.debug.xcconfig */,
				80827B748A6653FABD895F2A /* Pods-emo.release.xcconfig */,
			);
			name = Pods;
			sourceTree = "<group>";
		};
		7F00A84910A894EC71E57417 /* Frameworks */ = {
			isa = PBXGroup;
			children = (
				EEB3766DE4C4E31AB446C515 /* Pods_emo.framework */,
			);
			name = Frameworks;
			sourceTree = "<group>";
		};
		962C60F62014F3C90028B931 = {
			isa = PBXGroup;
			children = (
				962C61012014F3C90028B931 /* emo */,
				962C61182014F3CA0028B931 /* emoTests */,
				962C61232014F3CA0028B931 /* emoUITests */,
				962C61002014F3C90028B931 /* Products */,
				513E18EC8BF22EB0D23AE4B1 /* Pods */,
				7F00A84910A894EC71E57417 /* Frameworks */,
			);
			sourceTree = "<group>";
		};
		962C61002014F3C90028B931 /* Products */ = {
			isa = PBXGroup;
			children = (
				962C60FF2014F3C90028B931 /* emo.app */,
				962C61152014F3CA0028B931 /* emoTests.xctest */,
				962C61202014F3CA0028B931 /* emoUITests.xctest */,
			);
			name = Products;
			sourceTree = "<group>";
		};
		962C61012014F3C90028B931 /* emo */ = {
			isa = PBXGroup;
			children = (
				962C61022014F3C90028B931 /* AppDelegate.swift */,
				962C61042014F3C90028B931 /* FirstViewController.swift */,
				962C61062014F3C90028B931 /* SecondViewController.swift */,
				962C61082014F3C90028B931 /* Main.storyboard */,
				962C610B2014F3C90028B931 /* Assets.xcassets */,
				962C610D2014F3C90028B931 /* LaunchScreen.storyboard */,
				962C61102014F3C90028B931 /* Info.plist */,
			);
			path = emo;
			sourceTree = "<group>";
		};
		962C61182014F3CA0028B931 /* emoTests */ = {
			isa = PBXGroup;
			children = (
				962C61192014F3CA0028B931 /* EmoTests.swift */,
				962C611B2014F3CA0028B931 /* Info.plist */,
			);
			path = emoTests;
			sourceTree = "<group>";
		};
		962C61232014F3CA0028B931 /* emoUITests */ = {
			isa = PBXGroup;
			children = (
				962C61242014F3CA0028B931 /* EmoUITests.swift */,
				962C61262014F3CA0028B931 /* Info.plist */,
			);
			path = emoUITests;
			sourceTree = "<group>";
		};
/* End PBXGroup section */

/* Begin PBXNativeTarget section */
		962C60FE2014F3C90028B931 /* emo */ = {
			isa = PBXNativeTarget;
			buildConfigurationList = 962C61292014F3CA0028B931 /* Build configuration list for PBXNativeTarget "emo" */;
			buildPhases = (
				F58FC484AAAF78DAFFD26A10 /* [CP] Check Pods Manifest.lock */,
				962C60FB2014F3C90028B931 /* Sources */,
				962C60FC2014F3C90028B931 /* Frameworks */,
				962C60FD2014F3C90028B931 /* Resources */,
				C0E9862E72672FBC222D31C6 /* [CP] Embed Pods Frameworks */,
				76E8D12B1D668B4E3B3ABCA6 /* [CP] Copy Pods Resources */,
				962C6132201529920028B931 /* Run Script */,
			);
			buildRules = (
			);
			dependencies = (
			);
			name = emo;
			productName = emo;
			productReference = 962C60FF2014F3C90028B931 /* emo.app */;
			productType = "com.apple.product-type.application";
		};
		962C61142014F3CA0028B931 /* emoTests */ = {
			isa = PBXNativeTarget;
			buildConfigurationList = 962C612C2014F3CA0028B931 /* Build configuration list for PBXNativeTarget "emoTests" */;
			buildPhases = (
				962C61112014F3CA0028B931 /* Sources */,
				962C61122014F3CA0028B931 /* Frameworks */,
				962C61132014F3CA0028B931 /* Resources */,
			);
			buildRules = (
			);
			dependencies = (
				962C61172014F3CA0028B931 /* PBXTargetDependency */,
			);
			name = emoTests;
			productName = emoTests;
			productReference = 962C61152014F3CA0028B931 /* emoTests.xctest */;
			productType = "com.apple.product-type.bundle.unit-test";
		};
		962C611F2014F3CA0028B931 /* emoUITests */ = {
			isa = PBXNativeTarget;
			buildConfigurationList = 962C612F2014F3CA0028B931 /* Build configuration list for PBXNativeTarget "emoUITests" */;
			buildPhases = (
				962C611C2014F3CA0028B931 /* Sources */,
				962C611D2014F3CA0028B931 /* Frameworks */,
				962C611E2014F3CA0028B931 /* Resources */,
			);
			buildRules = (
			);
			dependencies = (
				962C61222014F3CA0028B931 /* PBXTargetDependency */,
			);
			name = emoUITests;
			productName = emoUITests;
			productReference = 962C61202014F3CA0028B931 /* emoUITests.xctest */;
			productType = "com.apple.product-type.bundle.ui-testing";
		};
/* End PBXNativeTarget section */

/* Begin PBXProject section */
		962C60F72014F3C90028B931 /* Project object */ = {
			isa = PBXProject;
			attributes = {
				LastSwiftUpdateCheck = 0920;
				LastUpgradeCheck = 0920;
				ORGANIZATIONNAME = "Jason Steele";
				TargetAttributes = {
					962C60FE2014F3C90028B931 = {
						CreatedOnToolsVersion = 9.2;
						ProvisioningStyle = Automatic;
					};
					962C61142014F3CA0028B931 = {
						CreatedOnToolsVersion = 9.2;
						ProvisioningStyle = Automatic;
						TestTargetID = 962C60FE2014F3C90028B931;
					};
					962C611F2014F3CA0028B931 = {
						CreatedOnToolsVersion = 9.2;
						ProvisioningStyle = Automatic;
						TestTargetID = 962C60FE2014F3C90028B931;
					};
				};
			};
			buildConfigurationList = 962C60FA2014F3C90028B931 /* Build configuration list for PBXProject "emo" */;
			compatibilityVersion = "Xcode 8.0";
			developmentRegion = en;
			hasScannedForEncodings = 0;
			knownRegions = (
				en,
				Base,
			);
			mainGroup = 962C60F62014F3C90028B931;
			productRefGroup = 962C61002014F3C90028B931 /* Products */;
			projectDirPath = "";
			projectRoot = "";
			targets = (
				962C60FE2014F3C90028B931 /* emo */,
				962C61142014F3CA0028B931 /* emoTests */,
				962C611F2014F3CA0028B931 /* emoUITests */,
			);
		};
/* End PBXProject section */

/* Begin PBXResourcesBuildPhase section */
		962C60FD2014F3C90028B931 /* Resources */ = {
			isa = PBXResourcesBuildPhase;
			buildActionMask = 2147483647;
			files = (
				962C610F2014F3C90028B931 /* LaunchScreen.storyboard in Resources */,
				962C610C2014F3C90028B931 /* Assets.xcassets in Resources */,
				962C610A2014F3C90028B931 /* Main.storyboard in Resources */,
			);
			runOnlyForDeploymentPostprocessing = 0;
		};
		962C61132014F3CA0028B931 /* Resources */ = {
			isa = PBXResourcesBuildPhase;
			buildActionMask = 2147483647;
			files = (
			);
			runOnlyForDeploymentPostprocessing = 0;
		};
		962C611E2014F3CA0028B931 /* Resources */ = {
			isa = PBXResourcesBuildPhase;
			buildActionMask = 2147483647;
			files = (
			);
			runOnlyForDeploymentPostprocessing = 0;
		};
/* End PBXResourcesBuildPhase section */

/* Begin PBXShellScriptBuildPhase section */
		76E8D12B1D668B4E3B3ABCA6 /* [CP] Copy Pods Resources */ = {
			isa = PBXShellScriptBuildPhase;
			buildActionMask = 2147483647;
			files = (
			);
			inputPaths = (
			);
			name = "[CP] Copy Pods Resources";
			outputPaths = (
			);
			runOnlyForDeploymentPostprocessing = 0;
			shellPath = /bin/sh;
			shellScript = "\"${SRCROOT}/Pods/Target Support Files/Pods-emo/Pods-emo-resources.sh\"\n";
			showEnvVarsInLog = 0;
		};
		962C6132201529920028B931 /* Run Script */ = {
			isa = PBXShellScriptBuildPhase;
			buildActionMask = 2147483647;
			files = (
			);
			inputPaths = (
			);
			name = "Run Script";
			outputPaths = (
			);
			runOnlyForDeploymentPostprocessing = 0;
			shellPath = /bin/sh;
			shellScript = "if which swiftlint >/dev/null; then\nswiftlint\nelse\necho \"warning: SwiftLint not installed, download from https://github.com/realm/SwiftLint\"\nfi";
		};
		C0E9862E72672FBC222D31C6 /* [CP] Embed Pods Frameworks */ = {
			isa = PBXShellScriptBuildPhase;
			buildActionMask = 2147483647;
			files = (
			);
			inputPaths = (
				"${SRCROOT}/Pods/Target Support Files/Pods-emo/Pods-emo-frameworks.sh",
				"${BUILT_PRODUCTS_DIR}/SwiftyJSON/SwiftyJSON.framework",
			);
			name = "[CP] Embed Pods Frameworks";
			outputPaths = (
				"${TARGET_BUILD_DIR}/${FRAMEWORKS_FOLDER_PATH}/SwiftyJSON.framework",
			);
			runOnlyForDeploymentPostprocessing = 0;
			shellPath = /bin/sh;
			shellScript = "\"${SRCROOT}/Pods/Target Support Files/Pods-emo/Pods-emo-frameworks.sh\"\n";
			showEnvVarsInLog = 0;
		};
		F58FC484AAAF78DAFFD26A10 /* [CP] Check Pods Manifest.lock */ = {
			isa = PBXShellScriptBuildPhase;
			buildActionMask = 2147483647;
			files = (
			);
			inputPaths = (
				"${PODS_PODFILE_DIR_PATH}/Podfile.lock",
				"${PODS_ROOT}/Manifest.lock",
			);
			name = "[CP] Check Pods Manifest.lock";
			outputPaths = (
				"$(DERIVED_FILE_DIR)/Pods-emo-checkManifestLockResult.txt",
			);
			runOnlyForDeploymentPostprocessing = 0;
			shellPath = /bin/sh;
			shellScript = "diff \"${PODS_PODFILE_DIR_PATH}/Podfile.lock\" \"${PODS_ROOT}/Manifest.lock\" > /dev/null\nif [ $? != 0 ] ; then\n    # print error to STDERR\n    echo \"error: The sandbox is not in sync with the Podfile.lock. Run 'pod install' or update your CocoaPods installation.\" >&2\n    exit 1\nfi\n# This output is used by Xcode 'outputs' to avoid re-running this script phase.\necho \"SUCCESS\" > \"${SCRIPT_OUTPUT_FILE_0}\"\n";
			showEnvVarsInLog = 0;
		};
/* End PBXShellScriptBuildPhase section */

/* Begin PBXSourcesBuildPhase section */
		962C60FB2014F3C90028B931 /* Sources */ = {
			isa = PBXSourcesBuildPhase;
			buildActionMask = 2147483647;
			files = (
				962C61072014F3C90028B931 /* SecondViewController.swift in Sources */,
				962C61032014F3C90028B931 /* AppDelegate.swift in Sources */,
				962C61052014F3C90028B931 /* FirstViewController.swift in Sources */,
			);
			runOnlyForDeploymentPostprocessing = 0;
		};
		962C61112014F3CA0028B931 /* Sources */ = {
			isa = PBXSourcesBuildPhase;
			buildActionMask = 2147483647;
			files = (
				962C611A2014F3CA0028B931 /* EmoTests.swift in Sources */,
			);
			runOnlyForDeploymentPostprocessing = 0;
		};
		962C611C2014F3CA0028B931 /* Sources */ = {
			isa = PBXSourcesBuildPhase;
			buildActionMask = 2147483647;
			files = (
				962C61252014F3CA0028B931 /* EmoUITests.swift in Sources */,
			);
			runOnlyForDeploymentPostprocessing = 0;
		};
/* End PBXSourcesBuildPhase section */

/* Begin PBXTargetDependency section */
		962C61172014F3CA0028B931 /* PBXTargetDependency */ = {
			isa = PBXTargetDependency;
			target = 962C60FE2014F3C90028B931 /* emo */;
			targetProxy = 962C61162014F3CA0028B931 /* PBXContainerItemProxy */;
		};
		962C61222014F3CA0028B931 /* PBXTargetDependency */ = {
			isa = PBXTargetDependency;
			target = 962C60FE2014F3C90028B931 /* emo */;
			targetProxy = 962C61212014F3CA0028B931 /* PBXContainerItemProxy */;
		};
/* End PBXTargetDependency section */

/* Begin PBXVariantGroup section */
		962C61082014F3C90028B931 /* Main.storyboard */ = {
			isa = PBXVariantGroup;
			children = (
				962C61092014F3C90028B931 /* Base */,
			);
			name = Main.storyboard;
			sourceTree = "<group>";
		};
		962C610D2014F3C90028B931 /* LaunchScreen.storyboard */ = {
			isa = PBXVariantGroup;
			children = (
				962C610E2014F3C90028B931 /* Base */,
			);
			name = LaunchScreen.storyboard;
			sourceTree = "<group>";
		};
/* End PBXVariantGroup section */

/* Begin XCBuildConfiguration section */
		962C61272014F3CA0028B931 /* Debug */ = {
			isa = XCBuildConfiguration;
			buildSettings = {
				ALWAYS_SEARCH_USER_PATHS = NO;
				CLANG_ANALYZER_NONNULL = YES;
				CLANG_ANALYZER_NUMBER_OBJECT_CONVERSION = YES_AGGRESSIVE;
				CLANG_CXX_LANGUAGE_STANDARD = "gnu++14";
				CLANG_CXX_LIBRARY = "libc++";
				CLANG_ENABLE_MODULES = YES;
				CLANG_ENABLE_OBJC_ARC = YES;
				CLANG_WARN_BLOCK_CAPTURE_AUTORELEASING = YES;
				CLANG_WARN_BOOL_CONVERSION = YES;
				CLANG_WARN_COMMA = YES;
				CLANG_WARN_CONSTANT_CONVERSION = YES;
				CLANG_WARN_DIRECT_OBJC_ISA_USAGE = YES_ERROR;
				CLANG_WARN_DOCUMENTATION_COMMENTS = YES;
				CLANG_WARN_EMPTY_BODY = YES;
				CLANG_WARN_ENUM_CONVERSION = YES;
				CLANG_WARN_INFINITE_RECURSION = YES;
				CLANG_WARN_INT_CONVERSION = YES;
				CLANG_WARN_NON_LITERAL_NULL_CONVERSION = YES;
				CLANG_WARN_OBJC_LITERAL_CONVERSION = YES;
				CLANG_WARN_OBJC_ROOT_CLASS = YES_ERROR;
				CLANG_WARN_RANGE_LOOP_ANALYSIS = YES;
				CLANG_WARN_STRICT_PROTOTYPES = YES;
				CLANG_WARN_SUSPICIOUS_MOVE = YES;
				CLANG_WARN_UNGUARDED_AVAILABILITY = YES_AGGRESSIVE;
				CLANG_WARN_UNREACHABLE_CODE = YES;
				CLANG_WARN__DUPLICATE_METHOD_MATCH = YES;
				CODE_SIGN_IDENTITY = "iPhone Developer";
				COPY_PHASE_STRIP = NO;
				DEBUG_INFORMATION_FORMAT = dwarf;
				ENABLE_STRICT_OBJC_MSGSEND = YES;
				ENABLE_TESTABILITY = YES;
				GCC_C_LANGUAGE_STANDARD = gnu11;
				GCC_DYNAMIC_NO_PIC = NO;
				GCC_NO_COMMON_BLOCKS = YES;
				GCC_OPTIMIZATION_LEVEL = 0;
				GCC_PREPROCESSOR_DEFINITIONS = (
					"DEBUG=1",
					"$(inherited)",
				);
				GCC_WARN_64_TO_32_BIT_CONVERSION = YES;
				GCC_WARN_ABOUT_RETURN_TYPE = YES_ERROR;
				GCC_WARN_UNDECLARED_SELECTOR = YES;
				GCC_WARN_UNINITIALIZED_AUTOS = YES_AGGRESSIVE;
				GCC_WARN_UNUSED_FUNCTION = YES;
				GCC_WARN_UNUSED_VARIABLE = YES;
				IPHONEOS_DEPLOYMENT_TARGET = 11.2;
				MTL_ENABLE_DEBUG_INFO = YES;
				ONLY_ACTIVE_ARCH = YES;
				SDKROOT = iphoneos;
				SWIFT_ACTIVE_COMPILATION_CONDITIONS = DEBUG;
				SWIFT_OPTIMIZATION_LEVEL = "-Onone";
			};
			name = Debug;
		};
		962C61282014F3CA0028B931 /* Release */ = {
			isa = XCBuildConfiguration;
			buildSettings = {
				ALWAYS_SEARCH_USER_PATHS = NO;
				CLANG_ANALYZER_NONNULL = YES;
				CLANG_ANALYZER_NUMBER_OBJECT_CONVERSION = YES_AGGRESSIVE;
				CLANG_CXX_LANGUAGE_STANDARD = "gnu++14";
				CLANG_CXX_LIBRARY = "libc++";
				CLANG_ENABLE_MODULES = YES;
				CLANG_ENABLE_OBJC_ARC = YES;
				CLANG_WARN_BLOCK_CAPTURE_AUTORELEASING = YES;
				CLANG_WARN_BOOL_CONVERSION = YES;
				CLANG_WARN_COMMA = YES;
				CLANG_WARN_CONSTANT_CONVERSION = YES;
				CLANG_WARN_DIRECT_OBJC_ISA_USAGE = YES_ERROR;
				CLANG_WARN_DOCUMENTATION_COMMENTS = YES;
				CLANG_WARN_EMPTY_BODY = YES;
				CLANG_WARN_ENUM_CONVERSION = YES;
				CLANG_WARN_INFINITE_RECURSION = YES;
				CLANG_WARN_INT_CONVERSION = YES;
				CLANG_WARN_NON_LITERAL_NULL_CONVERSION = YES;
				CLANG_WARN_OBJC_LITERAL_CONVERSION = YES;
				CLANG_WARN_OBJC_ROOT_CLASS = YES_ERROR;
				CLANG_WARN_RANGE_LOOP_ANALYSIS = YES;
				CLANG_WARN_STRICT_PROTOTYPES = YES;
				CLANG_WARN_SUSPICIOUS_MOVE = YES;
				CLANG_WARN_UNGUARDED_AVAILABILITY = YES_AGGRESSIVE;
				CLANG_WARN_UNREACHABLE_CODE = YES;
				CLANG_WARN__DUPLICATE_METHOD_MATCH = YES;
				CODE_SIGN_IDENTITY = "iPhone Developer";
				COPY_PHASE_STRIP = NO;
				DEBUG_INFORMATION_FORMAT = "dwarf-with-dsym";
				ENABLE_NS_ASSERTIONS = NO;
				ENABLE_STRICT_OBJC_MSGSEND = YES;
				GCC_C_LANGUAGE_STANDARD = gnu11;
				GCC_NO_COMMON_BLOCKS = YES;
				GCC_WARN_64_TO_32_BIT_CONVERSION = YES;
				GCC_WARN_ABOUT_RETURN_TYPE = YES_ERROR;
				GCC_WARN_UNDECLARED_SELECTOR = YES;
				GCC_WARN_UNINITIALIZED_AUTOS = YES_AGGRESSIVE;
				GCC_WARN_UNUSED_FUNCTION = YES;
				GCC_WARN_UNUSED_VARIABLE = YES;
				IPHONEOS_DEPLOYMENT_TARGET = 11.2;
				MTL_ENABLE_DEBUG_INFO = NO;
				SDKROOT = iphoneos;
				SWIFT_OPTIMIZATION_LEVEL = "-Owholemodule";
				VALIDATE_PRODUCT = YES;
			};
			name = Release;
		};
		962C612A2014F3CA0028B931 /* Debug */ = {
			isa = XCBuildConfiguration;
			baseConfigurationReference = F8F9C1BA6EB092847993CB8A /* Pods-emo.debug.xcconfig */;
			buildSettings = {
				ASSETCATALOG_COMPILER_APPICON_NAME = AppIcon;
				CODE_SIGN_STYLE = Automatic;
				DEVELOPMENT_TEAM = BF969ULH6M;
				INFOPLIST_FILE = emo/Info.plist;
				LD_RUNPATH_SEARCH_PATHS = "$(inherited) @executable_path/Frameworks";
				PRODUCT_BUNDLE_IDENTIFIER = net.darthgeek.app.emo;
				PRODUCT_NAME = "$(TARGET_NAME)";
				SWIFT_VERSION = 4.0;
				TARGETED_DEVICE_FAMILY = "1,2";
			};
			name = Debug;
		};
		962C612B2014F3CA0028B931 /* Release */ = {
			isa = XCBuildConfiguration;
			baseConfigurationReference = 80827B748A6653FABD895F2A /* Pods-emo.release.xcconfig */;
			buildSettings = {
				ASSETCATALOG_COMPILER_APPICON_NAME = AppIcon;
				CODE_SIGN_STYLE = Automatic;
				DEVELOPMENT_TEAM = BF969ULH6M;
				INFOPLIST_FILE = emo/Info.plist;
				LD_RUNPATH_SEARCH_PATHS = "$(inherited) @executable_path/Frameworks";
				PRODUCT_BUNDLE_IDENTIFIER = net.darthgeek.app.emo;
				PRODUCT_NAME = "$(TARGET_NAME)";
				SWIFT_VERSION = 4.0;
				TARGETED_DEVICE_FAMILY = "1,2";
			};
			name = Release;
		};
		962C612D2014F3CA0028B931 /* Debug */ = {
			isa = XCBuildConfiguration;
			buildSettings = {
				ALWAYS_EMBED_SWIFT_STANDARD_LIBRARIES = YES;
				BUNDLE_LOADER = "$(TEST_HOST)";
				CODE_SIGN_STYLE = Automatic;
				DEVELOPMENT_TEAM = BF969ULH6M;
				INFOPLIST_FILE = emoTests/Info.plist;
				LD_RUNPATH_SEARCH_PATHS = "$(inherited) @executable_path/Frameworks @loader_path/Frameworks";
				PRODUCT_BUNDLE_IDENTIFIER = net.darthgeek.app.emoTests;
				PRODUCT_NAME = "$(TARGET_NAME)";
				SWIFT_VERSION = 4.0;
				TARGETED_DEVICE_FAMILY = "1,2";
				TEST_HOST = "$(BUILT_PRODUCTS_DIR)/emo.app/emo";
			};
			name = Debug;
		};
		962C612E2014F3CA0028B931 /* Release */ = {
			isa = XCBuildConfiguration;
			buildSettings = {
				ALWAYS_EMBED_SWIFT_STANDARD_LIBRARIES = YES;
				BUNDLE_LOADER = "$(TEST_HOST)";
				CODE_SIGN_STYLE = Automatic;
				DEVELOPMENT_TEAM = BF969ULH6M;
				INFOPLIST_FILE = emoTests/Info.plist;
				LD_RUNPATH_SEARCH_PATHS = "$(inherited) @executable_path/Frameworks @loader_path/Frameworks";
				PRODUCT_BUNDLE_IDENTIFIER = net.darthgeek.app.emoTests;
				PRODUCT_NAME = "$(TARGET_NAME)";
				SWIFT_VERSION = 4.0;
				TARGETED_DEVICE_FAMILY = "1,2";
				TEST_HOST = "$(BUILT_PRODUCTS_DIR)/emo.app/emo";
			};
			name = Release;
		};
		962C61302014F3CA0028B931 /* Debug */ = {
			isa = XCBuildConfiguration;
			buildSettings = {
				ALWAYS_EMBED_SWIFT_STANDARD_LIBRARIES = YES;
				CODE_SIGN_STYLE = Automatic;
				DEVELOPMENT_TEAM = BF969ULH6M;
				INFOPLIST_FILE = emoUITests/Info.plist;
				LD_RUNPATH_SEARCH_PATHS = "$(inherited) @executable_path/Frameworks @loader_path/Frameworks";
				PRODUCT_BUNDLE_IDENTIFIER = net.darthgeek.app.emoUITests;
				PRODUCT_NAME = "$(TARGET_NAME)";
				SWIFT_VERSION = 4.0;
				TARGETED_DEVICE_FAMILY = "1,2";
				TEST_TARGET_NAME = emo;
			};
			name = Debug;
		};
		962C61312014F3CA0028B931 /* Release */ = {
			isa = XCBuildConfiguration;
			buildSettings = {
				ALWAYS_EMBED_SWIFT_STANDARD_LIBRARIES = YES;
				CODE_SIGN_STYLE = Automatic;
				DEVELOPMENT_TEAM = BF969ULH6M;
				INFOPLIST_FILE = emoUITests/Info.plist;
				LD_RUNPATH_SEARCH_PATHS = "$(inherited) @executable_path/Frameworks @loader_path/Frameworks";
				PRODUCT_BUNDLE_IDENTIFIER = net.darthgeek.app.emoUITests;
				PRODUCT_NAME = "$(TARGET_NAME)";
				SWIFT_VERSION = 4.0;
				TARGETED_DEVICE_FAMILY = "1,2";
				TEST_TARGET_NAME = emo;
			};
			name = Release;
		};
/* End XCBuildConfiguration section */

/* Begin XCConfigurationList section */
		962C60FA2014F3C90028B931 /* Build configuration list for PBXProject "emo" */ = {
			isa = XCConfigurationList;
			buildConfigurations = (
				962C61272014F3CA0028B931 /* Debug */,
				962C61282014F3CA0028B931 /* Release */,
			);
			defaultConfigurationIsVisible = 0;
			defaultConfigurationName = Release;
		};
		962C61292014F3CA0028B931 /* Build configuration list for PBXNativeTarget "emo" */ = {
			isa = XCConfigurationList;
			buildConfigurations = (
				962C612A2014F3CA0028B931 /* Debug */,
				962C612B2014F3CA0028B931 /* Release */,
			);
			defaultConfigurationIsVisible = 0;
			defaultConfigurationName = Release;
		};
		962C612C2014F3CA0028B931 /* Build configuration list for PBXNativeTarget "emoTests" */ = {
			isa = XCConfigurationList;
			buildConfigurations = (
				962C612D2014F3CA0028B931 /* Debug */,
				962C612E2014F3CA0028B931 /* Release */,
			);
			defaultConfigurationIsVisible = 0;
			defaultConfigurationName = Release;
		};
		962C612F2014F3CA0028B931 /* Build configuration list for PBXNativeTarget "emoUITests" */ = {
			isa = XCConfigurationList;
			buildConfigurations = (
				962C61302014F3CA0028B931 /* Debug */,
				962C61312014F3CA0028B931 /* Release */,
			);
			defaultConfigurationIsVisible = 0;
			defaultConfigurationName = Release;
		};
/* End XCConfigurationList section */
	};
	rootObject = 962C60F72014F3C90028B931 /* Project object */;
}
