PODS:
  - CocoaLumberjack (3.4.0):
    - CocoaLumberjack/Default (= 3.4.0)
    - CocoaLumberjack/Extensions (= 3.4.0)
  - CocoaLumberjack/Default (3.4.0)
  - CocoaLumberjack/Extensions (3.4.0):
    - CocoaLumberjack/Default
  - Result (3.2.4)
  - SwiftyJSON (4.0.0)

DEPENDENCIES:
  - CocoaLumberjack
  - Result
  - SwiftyJSON

SPEC CHECKSUMS:
  CocoaLumberjack: e033a5d8513357af2dd456eb66e202c325c30627
  Result: d2d07204ce72856f1fd9130bbe42c35a7b0fea10
  SwiftyJSON: 070dabdcb1beb81b247c65ffa3a79dbbfb3b48aa

PODFILE CHECKSUM: 6a10323da775b8774dd7bf6d381aef128fbf6210

COCOAPODS: 1.4.0
